
Microsoft Visual Studio Solution File, Format Version 12.00
# Visual Studio Version 17
VisualStudioVersion = 17.7.34003.232
MinimumVisualStudioVersion = 10.0.40219.1
Project("{9A19103F-16F7-4668-BE54-9A1E7A4F7556}") = "BankAPI", "BankAPI.csproj", "{FE17C23B-892D-45C4-BF4E-7AE27B47F9D5}"
EndProject
Project("{FAE04EC0-301F-11D3-BF4B-00C04F79EFBC}") = "BankAPI.Tests", "..\BankAPI.Tests\BankAPI.Tests.csproj", "{BA0BFB1E-204A-476A-B108-4D0D48FC7E44}"
EndProject
Global
	GlobalSection(SolutionConfigurationPlatforms) = preSolution
		Debug|Any CPU = Debug|Any CPU
		Release|Any CPU = Release|Any CPU
	EndGlobalSection
	GlobalSection(ProjectConfigurationPlatforms) = postSolution
		{FE17C23B-892D-45C4-BF4E-7AE27B47F9D5}.Debug|Any CPU.ActiveCfg = Debug|Any CPU
		{FE17C23B-892D-45C4-BF4E-7AE27B47F9D5}.Debug|Any CPU.Build.0 = Debug|Any CPU
		{FE17C23B-892D-45C4-BF4E-7AE27B47F9D5}.Release|Any CPU.ActiveCfg = Release|Any CPU
		{FE17C23B-892D-45C4-BF4E-7AE27B47F9D5}.Release|Any CPU.Build.0 = Release|Any CPU
		{BA0BFB1E-204A-476A-B108-4D0D48FC7E44}.Debug|Any CPU.ActiveCfg = Debug|Any CPU
		{BA0BFB1E-204A-476A-B108-4D0D48FC7E44}.Debug|Any CPU.Build.0 = Debug|Any CPU
		{BA0BFB1E-204A-476A-B108-4D0D48FC7E44}.Release|Any CPU.ActiveCfg = Release|Any CPU
		{BA0BFB1E-204A-476A-B108-4D0D48FC7E44}.Release|Any CPU.Build.0 = Release|Any CPU
	EndGlobalSection
	GlobalSection(SolutionProperties) = preSolution
		HideSolutionNode = FALSE
	EndGlobalSection
	GlobalSection(ExtensibilityGlobals) = postSolution
		SolutionGuid = {5065421C-FD85-4DDF-8852-DB4E99273ED4}
	EndGlobalSection
EndGlobal
